// !$*UTF8*$!
{
	archiveVersion = 1;
	classes = {
	};
	objectVersion = 50;
	objects = {

/* Begin PBXBuildFile section */
		3C4FC2CA224364E8005B5187 /* AppDelegate.m in Sources */ = {isa = PBXBuildFile; fileRef = 3C4FC2C9224364E8005B5187 /* AppDelegate.m */; };
		3C4FC2CD224364E8005B5187 /* ViewController.m in Sources */ = {isa = PBXBuildFile; fileRef = 3C4FC2CC224364E8005B5187 /* ViewController.m */; };
		3C4FC2D0224364E8005B5187 /* Main.storyboard in Resources */ = {isa = PBXBuildFile; fileRef = 3C4FC2CE224364E8005B5187 /* Main.storyboard */; };
		3C4FC2D2224364EA005B5187 /* Assets.xcassets in Resources */ = {isa = PBXBuildFile; fileRef = 3C4FC2D1224364EA005B5187 /* Assets.xcassets */; };
		3C4FC2D5224364EA005B5187 /* LaunchScreen.storyboard in Resources */ = {isa = PBXBuildFile; fileRef = 3C4FC2D3224364EA005B5187 /* LaunchScreen.storyboard */; };
		3C4FC2D8224364EA005B5187 /* main.m in Sources */ = {isa = PBXBuildFile; fileRef = 3C4FC2D7224364EA005B5187 /* main.m */; };
		3C4FC2E22243650D005B5187 /* NewView.m in Sources */ = {isa = PBXBuildFile; fileRef = 3C4FC2DF2243650C005B5187 /* NewView.m */; };
		3C4FC2E32243650D005B5187 /* NewModel.m in Sources */ = {isa = PBXBuildFile; fileRef = 3C4FC2E12243650D005B5187 /* NewModel.m */; };
/* End PBXBuildFile section */

/* Begin PBXFileReference section */
		3C4FC2C5224364E8005B5187 /* MVC-Demo.app */ = {isa = PBXFileReference; explicitFileType = wrapper.application; includeInIndex = 0; path = "MVC-Demo.app"; sourceTree = BUILT_PRODUCTS_DIR; };
		3C4FC2C8224364E8005B5187 /* AppDelegate.h */ = {isa = PBXFileReference; lastKnownFileType = sourcecode.c.h; path = AppDelegate.h; sourceTree = "<group>"; };
		3C4FC2C9224364E8005B5187 /* AppDelegate.m */ = {isa = PBXFileReference; lastKnownFileType = sourcecode.c.objc; path = AppDelegate.m; sourceTree = "<group>"; };
		3C4FC2CB224364E8005B5187 /* ViewController.h */ = {isa = PBXFileReference; lastKnownFileType = sourcecode.c.h; path = ViewController.h; sourceTree = "<group>"; };
		3C4FC2CC224364E8005B5187 /* ViewController.m */ = {isa = PBXFileReference; lastKnownFileType = sourcecode.c.objc; path = ViewController.m; sourceTree = "<group>"; };
		3C4FC2CF224364E8005B5187 /* Base */ = {isa = PBXFileReference; lastKnownFileType = file.storyboard; name = Base; path = Base.lproj/Main.storyboard; sourceTree = "<group>"; };
		3C4FC2D1224364EA005B5187 /* Assets.xcassets */ = {isa = PBXFileReference; lastKnownFileType = folder.assetcatalog; path = Assets.xcassets; sourceTree = "<group>"; };
		3C4FC2D4224364EA005B5187 /* Base */ = {isa = PBXFileReference; lastKnownFileType = file.storyboard; name = Base; path = Base.lproj/LaunchScreen.storyboard; sourceTree = "<group>"; };
		3C4FC2D6224364EA005B5187 /* Info.plist */ = {isa = PBXFileReference; lastKnownFileType = text.plist.xml; path = Info.plist; sourceTree = "<group>"; };
		3C4FC2D7224364EA005B5187 /* main.m */ = {isa = PBXFileReference; lastKnownFileType = sourcecode.c.objc; path = main.m; sourceTree = "<group>"; };
		3C4FC2DE2243650C005B5187 /* NewView.h */ = {isa = PBXFileReference; fileEncoding = 4; lastKnownFileType = sourcecode.c.h; path = NewView.h; sourceTree = "<group>"; };
		3C4FC2DF2243650C005B5187 /* NewView.m */ = {isa = PBXFileReference; fileEncoding = 4; lastKnownFileType = sourcecode.c.objc; path = NewView.m; sourceTree = "<group>"; };
		3C4FC2E02243650C005B5187 /* NewModel.h */ = {isa = PBXFileReference; fileEncoding = 4; lastKnownFileType = sourcecode.c.h; path = NewModel.h; sourceTree = "<group>"; };
		3C4FC2E12243650D005B5187 /* NewModel.m */ = {isa = PBXFileReference; fileEncoding = 4; lastKnownFileType = sourcecode.c.objc; path = NewModel.m; sourceTree = "<group>"; };
/* End PBXFileReference section */

/* Begin PBXFrameworksBuildPhase section */
		3C4FC2C2224364E8005B5187 /* Frameworks */ = {
			isa = PBXFrameworksBuildPhase;
			buildActionMask = 2147483647;
			files = (
			);
			runOnlyForDeploymentPostprocessing = 0;
		};
/* End PBXFrameworksBuildPhase section */

/* Begin PBXGroup section */
		3C4FC2BC224364E8005B5187 = {
			isa = PBXGroup;
			children = (
				3C4FC2C7224364E8005B5187 /* MVC-Demo */,
				3C4FC2C6224364E8005B5187 /* Products */,
			);
			sourceTree = "<group>";
		};
		3C4FC2C6224364E8005B5187 /* Products */ = {
			isa = PBXGroup;
			children = (
				3C4FC2C5224364E8005B5187 /* MVC-Demo.app */,
			);
			name = Products;
			sourceTree = "<group>";
		};
		3C4FC2C7224364E8005B5187 /* MVC-Demo */ = {
			isa = PBXGroup;
			children = (
				3C4FC2C8224364E8005B5187 /* AppDelegate.h */,
				3C4FC2C9224364E8005B5187 /* AppDelegate.m */,
				3C4FC2CB224364E8005B5187 /* ViewController.h */,
				3C4FC2CC224364E8005B5187 /* ViewController.m */,
				3C4FC2E02243650C005B5187 /* NewModel.h */,
				3C4FC2E12243650D005B5187 /* NewModel.m */,
				3C4FC2DE2243650C005B5187 /* NewView.h */,
				3C4FC2DF2243650C005B5187 /* NewView.m */,
				3C4FC2CE224364E8005B5187 /* Main.storyboard */,
				3C4FC2D1224364EA005B5187 /* Assets.xcassets */,
				3C4FC2D3224364EA005B5187 /* LaunchScreen.storyboard */,
				3C4FC2D6224364EA005B5187 /* Info.plist */,
				3C4FC2D7224364EA005B5187 /* main.m */,
			);
			path = "MVC-Demo";
			sourceTree = "<group>";
		};
/* End PBXGroup section */

/* Begin PBXNativeTarget section */
		3C4FC2C4224364E8005B5187 /* MVC-Demo */ = {
			isa = PBXNativeTarget;
			buildConfigurationList = 3C4FC2DB224364EA005B5187 /* Build configuration list for PBXNativeTarget "MVC-Demo" */;
			buildPhases = (
				3C4FC2C1224364E8005B5187 /* Sources */,
				3C4FC2C2224364E8005B5187 /* Frameworks */,
				3C4FC2C3224364E8005B5187 /* Resources */,
			);
			buildRules = (
			);
			dependencies = (
			);
			name = "MVC-Demo";
			productName = "MVC-Demo";
			productReference = 3C4FC2C5224364E8005B5187 /* MVC-Demo.app */;
			productType = "com.apple.product-type.application";
		};
/* End PBXNativeTarget section */

/* Begin PBXProject section */
		3C4FC2BD224364E8005B5187 /* Project object */ = {
			isa = PBXProject;
			attributes = {
				LastUpgradeCheck = 1010;
				ORGANIZATIONNAME = "Yvan Feng";
				TargetAttributes = {
					3C4FC2C4224364E8005B5187 = {
						CreatedOnToolsVersion = 10.1;
					};
				};
			};
			buildConfigurationList = 3C4FC2C0224364E8005B5187 /* Build configuration list for PBXProject "MVC-Demo" */;
			compatibilityVersion = "Xcode 9.3";
			developmentRegion = en;
			hasScannedForEncodings = 0;
			knownRegions = (
				en,
				Base,
			);
			mainGroup = 3C4FC2BC224364E8005B5187;
			productRefGroup = 3C4FC2C6224364E8005B5187 /* Products */;
			projectDirPath = "";
			projectRoot = "";
			targets = (
				3C4FC2C4224364E8005B5187 /* MVC-Demo */,
			);
		};
/* End PBXProject section */

/* Begin PBXResourcesBuildPhase section */
		3C4FC2C3224364E8005B5187 /* Resources */ = {
			isa = PBXResourcesBuildPhase;
			buildActionMask = 2147483647;
			files = (
				3C4FC2D5224364EA005B5187 /* LaunchScreen.storyboard in Resources */,
				3C4FC2D2224364EA005B5187 /* Assets.xcassets in Resources */,
				3C4FC2D0224364E8005B5187 /* Main.storyboard in Resources */,
			);
			runOnlyForDeploymentPostprocessing = 0;
		};
/* End PBXResourcesBuildPhase section */

/* Begin PBXSourcesBuildPhase section */
		3C4FC2C1224364E8005B5187 /* Sources */ = {
			isa = PBXSourcesBuildPhase;
			buildActionMask = 2147483647;
			files = (
				3C4FC2CD224364E8005B5187 /* ViewController.m in Sources */,
				3C4FC2E22243650D005B5187 /* NewView.m in Sources */,
				3C4FC2D8224364EA005B5187 /* main.m in Sources */,
				3C4FC2E32243650D005B5187 /* NewModel.m in Sources */,
				3C4FC2CA224364E8005B5187 /* AppDelegate.m in Sources */,
			);
			runOnlyForDeploymentPostprocessing = 0;
		};
/* End PBXSourcesBuildPhase section */

/* Begin PBXVariantGroup section */
		3C4FC2CE224364E8005B5187 /* Main.storyboard */ = {
			isa = PBXVariantGroup;
			children = (
				3C4FC2CF224364E8005B5187 /* Base */,
			);
			name = Main.storyboard;
			sourceTree = "<group>";
		};
		3C4FC2D3224364EA005B5187 /* LaunchScreen.storyboard */ = {
			isa = PBXVariantGroup;
			children = (
				3C4FC2D4224364EA005B5187 /* Base */,
			);
			name = LaunchScreen.storyboard;
			sourceTree = "<group>";
		};
/* End PBXVariantGroup section */

/* Begin XCBuildConfiguration section */
		3C4FC2D9224364EA005B5187 /* Debug */ = {
			isa = XCBuildConfiguration;
			buildSettings = {
				ALWAYS_SEARCH_USER_PATHS = NO;
				CLANG_ANALYZER_NONNULL = YES;
				CLANG_ANALYZER_NUMBER_OBJECT_CONVERSION = YES_AGGRESSIVE;
				CLANG_CXX_LANGUAGE_STANDARD = "gnu++14";
				CLANG_CXX_LIBRARY = "libc++";
				CLANG_ENABLE_MODULES = YES;
				CLANG_ENABLE_OBJC_ARC = YES;
				CLANG_ENABLE_OBJC_WEAK = YES;
				CLANG_WARN_BLOCK_CAPTURE_AUTORELEASING = YES;
				CLANG_WARN_BOOL_CONVERSION = YES;
				CLANG_WARN_COMMA = YES;
				CLANG_WARN_CONSTANT_CONVERSION = YES;
				CLANG_WARN_DEPRECATED_OBJC_IMPLEMENTATIONS = YES;
				CLANG_WARN_DIRECT_OBJC_ISA_USAGE = YES_ERROR;
				CLANG_WARN_DOCUMENTATION_COMMENTS = YES;
				CLANG_WARN_EMPTY_BODY = YES;
				CLANG_WARN_ENUM_CONVERSION = YES;
				CLANG_WARN_INFINITE_RECURSION = YES;
				CLANG_WARN_INT_CONVERSION = YES;
				CLANG_WARN_NON_LITERAL_NULL_CONVERSION = YES;
				CLANG_WARN_OBJC_IMPLICIT_RETAIN_SELF = YES;
				CLANG_WARN_OBJC_LITERAL_CONVERSION = YES;
				CLANG_WARN_OBJC_ROOT_CLASS = YES_ERROR;
				CLANG_WARN_RANGE_LOOP_ANALYSIS = YES;
				CLANG_WARN_STRICT_PROTOTYPES = YES;
				CLANG_WARN_SUSPICIOUS_MOVE = YES;
				CLANG_WARN_UNGUARDED_AVAILABILITY = YES_AGGRESSIVE;
				CLANG_WARN_UNREACHABLE_CODE = YES;
				CLANG_WARN__DUPLICATE_METHOD_MATCH = YES;
				CODE_SIGN_IDENTITY = "iPhone Developer";
				COPY_PHASE_STRIP = NO;
				DEBUG_INFORMATION_FORMAT = dwarf;
				ENABLE_STRICT_OBJC_MSGSEND = YES;
				ENABLE_TESTABILITY = YES;
				GCC_C_LANGUAGE_STANDARD = gnu11;
				GCC_DYNAMIC_NO_PIC = NO;
				GCC_NO_COMMON_BLOCKS = YES;
				GCC_OPTIMIZATION_LEVEL = 0;
				GCC_PREPROCESSOR_DEFINITIONS = (
					"DEBUG=1",
					"$(inherited)",
				);
				GCC_WARN_64_TO_32_BIT_CONVERSION = YES;
				GCC_WARN_ABOUT_RETURN_TYPE = YES_ERROR;
				GCC_WARN_UNDECLARED_SELECTOR = YES;
				GCC_WARN_UNINITIALIZED_AUTOS = YES_AGGRESSIVE;
				GCC_WARN_UNUSED_FUNCTION = YES;
				GCC_WARN_UNUSED_VARIABLE = YES;
				IPHONEOS_DEPLOYMENT_TARGET = 12.1;
				MTL_ENABLE_DEBUG_INFO = INCLUDE_SOURCE;
				MTL_FAST_MATH = YES;
				ONLY_ACTIVE_ARCH = YES;
				SDKROOT = iphoneos;
			};
			name = Debug;
		};
		3C4FC2DA224364EA005B5187 /* Release */ = {
			isa = XCBuildConfiguration;
			buildSettings = {
				ALWAYS_SEARCH_USER_PATHS = NO;
				CLANG_ANALYZER_NONNULL = YES;
				CLANG_ANALYZER_NUMBER_OBJECT_CONVERSION = YES_AGGRESSIVE;
				CLANG_CXX_LANGUAGE_STANDARD = "gnu++14";
				CLANG_CXX_LIBRARY = "libc++";
				CLANG_ENABLE_MODULES = YES;
				CLANG_ENABLE_OBJC_ARC = YES;
				CLANG_ENABLE_OBJC_WEAK = YES;
				CLANG_WARN_BLOCK_CAPTURE_AUTORELEASING = YES;
				CLANG_WARN_BOOL_CONVERSION = YES;
				CLANG_WARN_COMMA = YES;
				CLANG_WARN_CONSTANT_CONVERSION = YES;
				CLANG_WARN_DEPRECATED_OBJC_IMPLEMENTATIONS = YES;
				CLANG_WARN_DIRECT_OBJC_ISA_USAGE = YES_ERROR;
				CLANG_WARN_DOCUMENTATION_COMMENTS = YES;
				CLANG_WARN_EMPTY_BODY = YES;
				CLANG_WARN_ENUM_CONVERSION = YES;
				CLANG_WARN_INFINITE_RECURSION = YES;
				CLANG_WARN_INT_CONVERSION = YES;
				CLANG_WARN_NON_LITERAL_NULL_CONVERSION = YES;
				CLANG_WARN_OBJC_IMPLICIT_RETAIN_SELF = YES;
				CLANG_WARN_OBJC_LITERAL_CONVERSION = YES;
				CLANG_WARN_OBJC_ROOT_CLASS = YES_ERROR;
				CLANG_WARN_RANGE_LOOP_ANALYSIS = YES;
				CLANG_WARN_STRICT_PROTOTYPES = YES;
				CLANG_WARN_SUSPICIOUS_MOVE = YES;
				CLANG_WARN_UNGUARDED_AVAILABILITY = YES_AGGRESSIVE;
				CLANG_WARN_UNREACHABLE_CODE = YES;
				CLANG_WARN__DUPLICATE_METHOD_MATCH = YES;
				CODE_SIGN_IDENTITY = "iPhone Developer";
				COPY_PHASE_STRIP = NO;
				DEBUG_INFORMATION_FORMAT = "dwarf-with-dsym";
				ENABLE_NS_ASSERTIONS = NO;
				ENABLE_STRICT_OBJC_MSGSEND = YES;
				GCC_C_LANGUAGE_STANDARD = gnu11;
				GCC_NO_COMMON_BLOCKS = YES;
				GCC_WARN_64_TO_32_BIT_CONVERSION = YES;
				GCC_WARN_ABOUT_RETURN_TYPE = YES_ERROR;
				GCC_WARN_UNDECLARED_SELECTOR = YES;
				GCC_WARN_UNINITIALIZED_AUTOS = YES_AGGRESSIVE;
				GCC_WARN_UNUSED_FUNCTION = YES;
				GCC_WARN_UNUSED_VARIABLE = YES;
				IPHONEOS_DEPLOYMENT_TARGET = 12.1;
				MTL_ENABLE_DEBUG_INFO = NO;
				MTL_FAST_MATH = YES;
				SDKROOT = iphoneos;
				VALIDATE_PRODUCT = YES;
			};
			name = Release;
		};
		3C4FC2DC224364EA005B5187 /* Debug */ = {
			isa = XCBuildConfiguration;
			buildSettings = {
				ASSETCATALOG_COMPILER_APPICON_NAME = AppIcon;
				CODE_SIGN_STYLE = Automatic;
				DEVELOPMENT_TEAM = AXJ4X635K3;
				INFOPLIST_FILE = "MVC-Demo/Info.plist";
				LD_RUNPATH_SEARCH_PATHS = (
					"$(inherited)",
					"@executable_path/Frameworks",
				);
				PRODUCT_BUNDLE_IDENTIFIER = "com.pupulove.MVC-Demo";
				PRODUCT_NAME = "$(TARGET_NAME)";
				TARGETED_DEVICE_FAMILY = "1,2";
			};
			name = Debug;
		};
		3C4FC2DD224364EA005B5187 /* Release */ = {
			isa = XCBuildConfiguration;
			buildSettings = {
				ASSETCATALOG_COMPILER_APPICON_NAME = AppIcon;
				CODE_SIGN_STYLE = Automatic;
				DEVELOPMENT_TEAM = AXJ4X635K3;
				INFOPLIST_FILE = "MVC-Demo/Info.plist";
				LD_RUNPATH_SEARCH_PATHS = (
					"$(inherited)",
					"@executable_path/Frameworks",
				);
				PRODUCT_BUNDLE_IDENTIFIER = "com.pupulove.MVC-Demo";
				PRODUCT_NAME = "$(TARGET_NAME)";
				TARGETED_DEVICE_FAMILY = "1,2";
			};
			name = Release;
		};
/* End XCBuildConfiguration section */

/* Begin XCConfigurationList section */
		3C4FC2C0224364E8005B5187 /* Build configuration list for PBXProject "MVC-Demo" */ = {
			isa = XCConfigurationList;
			buildConfigurations = (
				3C4FC2D9224364EA005B5187 /* Debug */,
				3C4FC2DA224364EA005B5187 /* Release */,
			);
			defaultConfigurationIsVisible = 0;
			defaultConfigurationName = Release;
		};
		3C4FC2DB224364EA005B5187 /* Build configuration list for PBXNativeTarget "MVC-Demo" */ = {
			isa = XCConfigurationList;
			buildConfigurations = (
				3C4FC2DC224364EA005B5187 /* Debug */,
				3C4FC2DD224364EA005B5187 /* Release */,
			);
			defaultConfigurationIsVisible = 0;
			defaultConfigurationName = Release;
		};
/* End XCConfigurationList section */
	};
	rootObject = 3C4FC2BD224364E8005B5187 /* Project object */;
}
